
Microsoft Visual Studio Solution File, Format Version 12.00
# Visual Studio 15
VisualStudioVersion = 15.0.28307.438
MinimumVisualStudioVersion = 10.0.40219.1
Project("{FAE04EC0-301F-11D3-BF4B-00C04F79EFBC}") = "Client", "Client\Client.csproj", "{8DE1082B-E786-434C-9E8E-82E830EBDB8B}"
EndProject
Project("{FAE04EC0-301F-11D3-BF4B-00C04F79EFBC}") = "PacketClassLibrary", "PacketClassLibrary\PacketClassLibrary.csproj", "{C222C528-B265-4704-8166-E854190CD964}"
EndProject
Project("{FAE04EC0-301F-11D3-BF4B-00C04F79EFBC}") = "Server", "Server\Server.csproj", "{8201E76E-04D4-416D-983C-BFD30D2C77F5}"
EndProject
Global
	GlobalSection(SolutionConfigurationPlatforms) = preSolution
		Debug|Any CPU = Debug|Any CPU
		Release|Any CPU = Release|Any CPU
	EndGlobalSection
	GlobalSection(ProjectConfigurationPlatforms) = postSolution
		{8DE1082B-E786-434C-9E8E-82E830EBDB8B}.Debug|Any CPU.ActiveCfg = Debug|Any CPU
		{8DE1082B-E786-434C-9E8E-82E830EBDB8B}.Debug|Any CPU.Build.0 = Debug|Any CPU
		{8DE1082B-E786-434C-9E8E-82E830EBDB8B}.Release|Any CPU.ActiveCfg = Release|Any CPU
		{8DE1082B-E786-434C-9E8E-82E830EBDB8B}.Release|Any CPU.Build.0 = Release|Any CPU
		{C222C528-B265-4704-8166-E854190CD964}.Debug|Any CPU.ActiveCfg = Debug|Any CPU
		{C222C528-B265-4704-8166-E854190CD964}.Debug|Any CPU.Build.0 = Debug|Any CPU
		{C222C528-B265-4704-8166-E854190CD964}.Release|Any CPU.ActiveCfg = Release|Any CPU
		{C222C528-B265-4704-8166-E854190CD964}.Release|Any CPU.Build.0 = Release|Any CPU
		{8201E76E-04D4-416D-983C-BFD30D2C77F5}.Debug|Any CPU.ActiveCfg = Debug|Any CPU
		{8201E76E-04D4-416D-983C-BFD30D2C77F5}.Debug|Any CPU.Build.0 = Debug|Any CPU
		{8201E76E-04D4-416D-983C-BFD30D2C77F5}.Release|Any CPU.ActiveCfg = Release|Any CPU
		{8201E76E-04D4-416D-983C-BFD30D2C77F5}.Release|Any CPU.Build.0 = Release|Any CPU
	EndGlobalSection
	GlobalSection(SolutionProperties) = preSolution
		HideSolutionNode = FALSE
	EndGlobalSection
	GlobalSection(ExtensibilityGlobals) = postSolution
		SolutionGuid = {65A3FAA5-C46E-4E37-B804-AA535C1E903A}
	EndGlobalSection
EndGlobal
